
Microsoft Visual Studio Solution File, Format Version 12.00
# Visual Studio Version 17
VisualStudioVersion = 17.3.32811.315
MinimumVisualStudioVersion = 10.0.40219.1
Project("{FAE04EC0-301F-11D3-BF4B-00C04F79EFBC}") = "DemoApi", "DemoApi\DemoApi.csproj", "{01C70C86-2614-4545-8ABE-1896F4ABEEDD}"
EndProject
Global
	GlobalSection(SolutionConfigurationPlatforms) = preSolution
		Debug|Any CPU = Debug|Any CPU
		Release|Any CPU = Release|Any CPU
	EndGlobalSection
	GlobalSection(ProjectConfigurationPlatforms) = postSolution
		{01C70C86-2614-4545-8ABE-1896F4ABEEDD}.Debug|Any CPU.ActiveCfg = Debug|Any CPU
		{01C70C86-2614-4545-8ABE-1896F4ABEEDD}.Debug|Any CPU.Build.0 = Debug|Any CPU
		{01C70C86-2614-4545-8ABE-1896F4ABEEDD}.Release|Any CPU.ActiveCfg = Release|Any CPU
		{01C70C86-2614-4545-8ABE-1896F4ABEEDD}.Release|Any CPU.Build.0 = Release|Any CPU
	EndGlobalSection
	GlobalSection(SolutionProperties) = preSolution
		HideSolutionNode = FALSE
	EndGlobalSection
	GlobalSection(ExtensibilityGlobals) = postSolution
		SolutionGuid = {8DE60096-8527-4C60-8479-84DA56413797}
	EndGlobalSection
EndGlobal
